{
  "name": "BrandKu",
  "lockfileVersion": 3,
  "requires": true,
  "packages": {
    "": {
      "dependencies": {
        "react-router": "^8.0.1"
      }
    },
    "node_modules/cookie-es": {
      "version": "3.1.1",
      "resolved": "https://registry.npmjs.org/cookie-es/-/cookie-es-3.1.1.tgz",
      "integrity": "sha512-UaXxwISYJPTr9hwQxMFYZ7kNhSXboMXP+Z3TRX6f1/NyaGPfuNUZOWP1pUEb75B2HjfklIYLVRfWiFZJyC6Npg==",
      "license": "MIT"
    },
    "node_modules/react": {
      "version": "19.2.7",
      "resolved": "https://registry.npmjs.org/react/-/react-19.2.7.tgz",
      "integrity": "sha512-HNe9WslTbXmFK8o8cmwgAeJFSBvt1bPdHCVKtaaV+WlAN36mpT4hcRpwbf3fY56ar2oIXzsBpOAiIRHAdY0OlQ==",
      "license": "MIT",
      "peer": true,
      "engines": {
        "node": ">=0.10.0"
      }
    },
    "node_modules/react-router": {
      "version": "8.0.1",
      "resolved": "https://registry.npmjs.org/react-router/-/react-router-8.0.1.tgz",
      "integrity": "sha512-5EL/fANovVUhRK50NLS8RYfX0BxrimoKsHWUPPy8v5UEl8i6vzF7e4POo3u+AhPItDwccUAJjMfIOmydxBJmQw==",
      "license": "MIT",
      "dependencies": {
        "cookie-es": "^3.1.1"
      },
      "engines": {
        "node": ">=22.22.0"
      },
      "peerDependencies": {
        "react": ">=19.2.7",
        "react-dom": ">=19.2.7"
      },
      "peerDependenciesMeta": {
        "react-dom": {
          "optional": true
        }
      }
    }
  }
}
